[[package]]
name = "et-xmlfile"
version = "1.1.0"
description = "An implementation of lxml.xmlfile for the standard library"
category = "main"
optional = false
python-versions = ">=3.6"

[[package]]
name = "openpyxl"
version = "3.0.7"
description = "A Python library to read/write Excel 2010 xlsx/xlsm files"
category = "main"
optional = false
python-versions = ">=3.6,"

[package.dependencies]
et-xmlfile = "*"

[[package]]
name = "unicodecsv"
version = "0.14.1"
description = "Python2's stdlib csv module is nice, but it doesn't support unicode. This module is a drop-in replacement which *does*."
category = "main"
optional = false
python-versions = "*"

[metadata]
lock-version = "1.1"
python-versions = "^3.8"
content-hash = "130157bf0d4edf03462c18cfbdc00e6b34427dd29f376eaeb06ef46830be7f09"

[metadata.files]
et-xmlfile = [
    {file = "et_xmlfile-1.1.0-py3-none-any.whl", hash = "sha256:a2ba85d1d6a74ef63837eed693bcb89c3f752169b0e3e7ae5b16ca5e1b3deada"},
    {file = "et_xmlfile-1.1.0.tar.gz", hash = "sha256:8eb9e2bc2f8c97e37a2dc85a09ecdcdec9d8a396530a6d5a33b30b9a92da0c5c"},
]
openpyxl = [
    {file = "openpyxl-3.0.7-py2.py3-none-any.whl", hash = "sha256:46af4eaf201a89b610fcca177eed957635f88770a5462fb6aae4a2a52b0ff516"},
    {file = "openpyxl-3.0.7.tar.gz", hash = "sha256:6456a3b472e1ef0facb1129f3c6ef00713cebf62e736cd7a75bcc3247432f251"},
]
unicodecsv = [
    {file = "unicodecsv-0.14.1.tar.gz", hash = "sha256:018c08037d48649a0412063ff4eda26eaa81eff1546dbffa51fa5293276ff7fc"},
]
